
Microsoft Visual Studio Solution File, Format Version 12.00
# Visual Studio Version 17
VisualStudioVersion = 17.14.36414.22
MinimumVisualStudioVersion = 10.0.40219.1
Project("{FAE04EC0-301F-11D3-BF4B-00C04F79EFBC}") = "SharpKnowledge.Knowledge", "SharpKnowledge.Knowledge\SharpKnowledge.Knowledge.csproj", "{45C09EF1-6591-443D-919A-E4083018ED66}"
EndProject
Project("{2150E333-8FDC-42A3-9474-1A3956D46DE8}") = "SharpKnowledge", "SharpKnowledge", "{02EA681E-C7D8-13C7-8484-4AC65E1B71E8}"
EndProject
Project("{2150E333-8FDC-42A3-9474-1A3956D46DE8}") = "Testing", "Testing", "{DD3B3F81-4D98-4DFB-82CC-B10DB04F40B6}"
EndProject
Project("{FAE04EC0-301F-11D3-BF4B-00C04F79EFBC}") = "BenchmarkTester", "BenchmarkTester\BenchmarkTester.csproj", "{906D11A4-02A9-4BE1-9359-7CEBA6281B4C}"
EndProject
Project("{FAE04EC0-301F-11D3-BF4B-00C04F79EFBC}") = "SharpKnowledge.Tester", "SharpKnowledge.Tester\SharpKnowledge.Tester.csproj", "{8E9CDFA4-E631-4E73-BF70-CD8E13AED8C4}"
EndProject
Project("{2150E333-8FDC-42A3-9474-1A3956D46DE8}") = "SharpKnowledge.Games", "SharpKnowledge.Games", "{6476AC3E-C33B-444E-B38F-B153168CF30F}"
EndProject
Project("{FAE04EC0-301F-11D3-BF4B-00C04F79EFBC}") = "SharpKnowledge.Games.Snake.Console", "SharpKnowledge.Games.Snake\SharpKnowledge.Games.Snake.Console\SharpKnowledge.Games.Snake.Console.csproj", "{7AB69249-6264-4F7C-8586-0878F25B8176}"
EndProject
Project("{FAE04EC0-301F-11D3-BF4B-00C04F79EFBC}") = "SharpKnowledge.Games.Snake.Engine", "SharpKnowledge.Games.Snake\SharpKnowledge.Games.Snake.Engine\SharpKnowledge.Games.Snake.Engine.csproj", "{8658FD4B-AA3F-4D2E-B7AD-6F887E3513F7}"
EndProject
Project("{2150E333-8FDC-42A3-9474-1A3956D46DE8}") = "Snake", "Snake", "{E331FC2A-6293-45BF-9FA9-921066AC0EFF}"
EndProject
Project("{FAE04EC0-301F-11D3-BF4B-00C04F79EFBC}") = "SharpKnowledge.Common", "SharpKnowledge.Common\SharpKnowledge.Common.csproj", "{D589A4D2-8673-4E84-B612-536C5C335742}"
EndProject
Project("{FAE04EC0-301F-11D3-BF4B-00C04F79EFBC}") = "SharpKnowledge.Learning", "SharpKnowledge.Learning\SharpKnowledge.Learning.csproj", "{74C1446C-8B07-404D-908A-F580A1D64714}"
EndProject
Project("{FAE04EC0-301F-11D3-BF4B-00C04F79EFBC}") = "SharpKnowledge.Playing", "SharpKnowledge.Playing\SharpKnowledge.Playing.csproj", "{29950A2C-7DF7-494B-9A04-0BFE1B4597B6}"
EndProject
Project("{2150E333-8FDC-42A3-9474-1A3956D46DE8}") = "Rendering", "Rendering", "{00E81A6A-3570-4B9D-813F-3D86C42367BE}"
EndProject
Project("{FAE04EC0-301F-11D3-BF4B-00C04F79EFBC}") = "SharpKnowledge.ILGPU.Tester", "SharpKnowledge.ILGPU.Tester\SharpKnowledge.ILGPU.Tester.csproj", "{CF0A064E-80CF-47F4-9CF7-DF04CB08781A}"
EndProject
Project("{FAE04EC0-301F-11D3-BF4B-00C04F79EFBC}") = "SharpKnowledge.Data", "SharpKnowledge.Data\SharpKnowledge.Data.csproj", "{9570B753-4998-4553-BAE4-9E629243CC57}"
EndProject
Project("{FAE04EC0-301F-11D3-BF4B-00C04F79EFBC}") = "SharpKnowledge.Testing.Sandbox", "Testing\SharpKnowledge.Testing.Sandbox\SharpKnowledge.Testing.Sandbox.csproj", "{B5E49D54-98A6-4E91-8573-2A293A7FE872}"
EndProject
Global
	GlobalSection(SolutionConfigurationPlatforms) = preSolution
		Debug|Any CPU = Debug|Any CPU
		Debug|x64 = Debug|x64
		Debug|x86 = Debug|x86
		Release|Any CPU = Release|Any CPU
		Release|x64 = Release|x64
		Release|x86 = Release|x86
	EndGlobalSection
	GlobalSection(ProjectConfigurationPlatforms) = postSolution
		{45C09EF1-6591-443D-919A-E4083018ED66}.Debug|Any CPU.ActiveCfg = Debug|Any CPU
		{45C09EF1-6591-443D-919A-E4083018ED66}.Debug|Any CPU.Build.0 = Debug|Any CPU
		{45C09EF1-6591-443D-919A-E4083018ED66}.Debug|x64.ActiveCfg = Debug|Any CPU
		{45C09EF1-6591-443D-919A-E4083018ED66}.Debug|x64.Build.0 = Debug|Any CPU
		{45C09EF1-6591-443D-919A-E4083018ED66}.Debug|x86.ActiveCfg = Debug|Any CPU
		{45C09EF1-6591-443D-919A-E4083018ED66}.Debug|x86.Build.0 = Debug|Any CPU
		{45C09EF1-6591-443D-919A-E4083018ED66}.Release|Any CPU.ActiveCfg = Release|Any CPU
		{45C09EF1-6591-443D-919A-E4083018ED66}.Release|Any CPU.Build.0 = Release|Any CPU
		{45C09EF1-6591-443D-919A-E4083018ED66}.Release|x64.ActiveCfg = Release|Any CPU
		{45C09EF1-6591-443D-919A-E4083018ED66}.Release|x64.Build.0 = Release|Any CPU
		{45C09EF1-6591-443D-919A-E4083018ED66}.Release|x86.ActiveCfg = Release|Any CPU
		{45C09EF1-6591-443D-919A-E4083018ED66}.Release|x86.Build.0 = Release|Any CPU
		{906D11A4-02A9-4BE1-9359-7CEBA6281B4C}.Debug|Any CPU.ActiveCfg = Debug|Any CPU
		{906D11A4-02A9-4BE1-9359-7CEBA6281B4C}.Debug|Any CPU.Build.0 = Debug|Any CPU
		{906D11A4-02A9-4BE1-9359-7CEBA6281B4C}.Debug|x64.ActiveCfg = Debug|Any CPU
		{906D11A4-02A9-4BE1-9359-7CEBA6281B4C}.Debug|x64.Build.0 = Debug|Any CPU
		{906D11A4-02A9-4BE1-9359-7CEBA6281B4C}.Debug|x86.ActiveCfg = Debug|Any CPU
		{906D11A4-02A9-4BE1-9359-7CEBA6281B4C}.Debug|x86.Build.0 = Debug|Any CPU
		{906D11A4-02A9-4BE1-9359-7CEBA6281B4C}.Release|Any CPU.ActiveCfg = Release|Any CPU
		{906D11A4-02A9-4BE1-9359-7CEBA6281B4C}.Release|Any CPU.Build.0 = Release|Any CPU
		{906D11A4-02A9-4BE1-9359-7CEBA6281B4C}.Release|x64.ActiveCfg = Release|Any CPU
		{906D11A4-02A9-4BE1-9359-7CEBA6281B4C}.Release|x64.Build.0 = Release|Any CPU
		{906D11A4-02A9-4BE1-9359-7CEBA6281B4C}.Release|x86.ActiveCfg = Release|Any CPU
		{906D11A4-02A9-4BE1-9359-7CEBA6281B4C}.Release|x86.Build.0 = Release|Any CPU
		{8E9CDFA4-E631-4E73-BF70-CD8E13AED8C4}.Debug|Any CPU.ActiveCfg = Debug|Any CPU
		{8E9CDFA4-E631-4E73-BF70-CD8E13AED8C4}.Debug|Any CPU.Build.0 = Debug|Any CPU
		{8E9CDFA4-E631-4E73-BF70-CD8E13AED8C4}.Debug|x64.ActiveCfg = Debug|Any CPU
		{8E9CDFA4-E631-4E73-BF70-CD8E13AED8C4}.Debug|x64.Build.0 = Debug|Any CPU
		{8E9CDFA4-E631-4E73-BF70-CD8E13AED8C4}.Debug|x86.ActiveCfg = Debug|Any CPU
		{8E9CDFA4-E631-4E73-BF70-CD8E13AED8C4}.Debug|x86.Build.0 = Debug|Any CPU
		{8E9CDFA4-E631-4E73-BF70-CD8E13AED8C4}.Release|Any CPU.ActiveCfg = Release|Any CPU
		{8E9CDFA4-E631-4E73-BF70-CD8E13AED8C4}.Release|Any CPU.Build.0 = Release|Any CPU
		{8E9CDFA4-E631-4E73-BF70-CD8E13AED8C4}.Release|x64.ActiveCfg = Release|Any CPU
		{8E9CDFA4-E631-4E73-BF70-CD8E13AED8C4}.Release|x64.Build.0 = Release|Any CPU
		{8E9CDFA4-E631-4E73-BF70-CD8E13AED8C4}.Release|x86.ActiveCfg = Release|Any CPU
		{8E9CDFA4-E631-4E73-BF70-CD8E13AED8C4}.Release|x86.Build.0 = Release|Any CPU
		{7AB69249-6264-4F7C-8586-0878F25B8176}.Debug|Any CPU.ActiveCfg = Debug|Any CPU
		{7AB69249-6264-4F7C-8586-0878F25B8176}.Debug|Any CPU.Build.0 = Debug|Any CPU
		{7AB69249-6264-4F7C-8586-0878F25B8176}.Debug|x64.ActiveCfg = Debug|Any CPU
		{7AB69249-6264-4F7C-8586-0878F25B8176}.Debug|x64.Build.0 = Debug|Any CPU
		{7AB69249-6264-4F7C-8586-0878F25B8176}.Debug|x86.ActiveCfg = Debug|Any CPU
		{7AB69249-6264-4F7C-8586-0878F25B8176}.Debug|x86.Build.0 = Debug|Any CPU
		{7AB69249-6264-4F7C-8586-0878F25B8176}.Release|Any CPU.ActiveCfg = Release|Any CPU
		{7AB69249-6264-4F7C-8586-0878F25B8176}.Release|Any CPU.Build.0 = Release|Any CPU
		{7AB69249-6264-4F7C-8586-0878F25B8176}.Release|x64.ActiveCfg = Release|Any CPU
		{7AB69249-6264-4F7C-8586-0878F25B8176}.Release|x64.Build.0 = Release|Any CPU
		{7AB69249-6264-4F7C-8586-0878F25B8176}.Release|x86.ActiveCfg = Release|Any CPU
		{7AB69249-6264-4F7C-8586-0878F25B8176}.Release|x86.Build.0 = Release|Any CPU
		{8658FD4B-AA3F-4D2E-B7AD-6F887E3513F7}.Debug|Any CPU.ActiveCfg = Debug|Any CPU
		{8658FD4B-AA3F-4D2E-B7AD-6F887E3513F7}.Debug|Any CPU.Build.0 = Debug|Any CPU
		{8658FD4B-AA3F-4D2E-B7AD-6F887E3513F7}.Debug|x64.ActiveCfg = Debug|Any CPU
		{8658FD4B-AA3F-4D2E-B7AD-6F887E3513F7}.Debug|x64.Build.0 = Debug|Any CPU
		{8658FD4B-AA3F-4D2E-B7AD-6F887E3513F7}.Debug|x86.ActiveCfg = Debug|Any CPU
		{8658FD4B-AA3F-4D2E-B7AD-6F887E3513F7}.Debug|x86.Build.0 = Debug|Any CPU
		{8658FD4B-AA3F-4D2E-B7AD-6F887E3513F7}.Release|Any CPU.ActiveCfg = Release|Any CPU
		{8658FD4B-AA3F-4D2E-B7AD-6F887E3513F7}.Release|Any CPU.Build.0 = Release|Any CPU
		{8658FD4B-AA3F-4D2E-B7AD-6F887E3513F7}.Release|x64.ActiveCfg = Release|Any CPU
		{8658FD4B-AA3F-4D2E-B7AD-6F887E3513F7}.Release|x64.Build.0 = Release|Any CPU
		{8658FD4B-AA3F-4D2E-B7AD-6F887E3513F7}.Release|x86.ActiveCfg = Release|Any CPU
		{8658FD4B-AA3F-4D2E-B7AD-6F887E3513F7}.Release|x86.Build.0 = Release|Any CPU
		{D589A4D2-8673-4E84-B612-536C5C335742}.Debug|Any CPU.ActiveCfg = Debug|Any CPU
		{D589A4D2-8673-4E84-B612-536C5C335742}.Debug|Any CPU.Build.0 = Debug|Any CPU
		{D589A4D2-8673-4E84-B612-536C5C335742}.Debug|x64.ActiveCfg = Debug|Any CPU
		{D589A4D2-8673-4E84-B612-536C5C335742}.Debug|x64.Build.0 = Debug|Any CPU
		{D589A4D2-8673-4E84-B612-536C5C335742}.Debug|x86.ActiveCfg = Debug|Any CPU
		{D589A4D2-8673-4E84-B612-536C5C335742}.Debug|x86.Build.0 = Debug|Any CPU
		{D589A4D2-8673-4E84-B612-536C5C335742}.Release|Any CPU.ActiveCfg = Release|Any CPU
		{D589A4D2-8673-4E84-B612-536C5C335742}.Release|Any CPU.Build.0 = Release|Any CPU
		{D589A4D2-8673-4E84-B612-536C5C335742}.Release|x64.ActiveCfg = Release|Any CPU
		{D589A4D2-8673-4E84-B612-536C5C335742}.Release|x64.Build.0 = Release|Any CPU
		{D589A4D2-8673-4E84-B612-536C5C335742}.Release|x86.ActiveCfg = Release|Any CPU
		{D589A4D2-8673-4E84-B612-536C5C335742}.Release|x86.Build.0 = Release|Any CPU
		{74C1446C-8B07-404D-908A-F580A1D64714}.Debug|Any CPU.ActiveCfg = Debug|Any CPU
		{74C1446C-8B07-404D-908A-F580A1D64714}.Debug|Any CPU.Build.0 = Debug|Any CPU
		{74C1446C-8B07-404D-908A-F580A1D64714}.Debug|x64.ActiveCfg = Debug|Any CPU
		{74C1446C-8B07-404D-908A-F580A1D64714}.Debug|x64.Build.0 = Debug|Any CPU
		{74C1446C-8B07-404D-908A-F580A1D64714}.Debug|x86.ActiveCfg = Debug|Any CPU
		{74C1446C-8B07-404D-908A-F580A1D64714}.Debug|x86.Build.0 = Debug|Any CPU
		{74C1446C-8B07-404D-908A-F580A1D64714}.Release|Any CPU.ActiveCfg = Release|Any CPU
		{74C1446C-8B07-404D-908A-F580A1D64714}.Release|Any CPU.Build.0 = Release|Any CPU
		{74C1446C-8B07-404D-908A-F580A1D64714}.Release|x64.ActiveCfg = Release|Any CPU
		{74C1446C-8B07-404D-908A-F580A1D64714}.Release|x64.Build.0 = Release|Any CPU
		{74C1446C-8B07-404D-908A-F580A1D64714}.Release|x86.ActiveCfg = Release|Any CPU
		{74C1446C-8B07-404D-908A-F580A1D64714}.Release|x86.Build.0 = Release|Any CPU
		{29950A2C-7DF7-494B-9A04-0BFE1B4597B6}.Debug|Any CPU.ActiveCfg = Debug|Any CPU
		{29950A2C-7DF7-494B-9A04-0BFE1B4597B6}.Debug|Any CPU.Build.0 = Debug|Any CPU
		{29950A2C-7DF7-494B-9A04-0BFE1B4597B6}.Debug|x64.ActiveCfg = Debug|Any CPU
		{29950A2C-7DF7-494B-9A04-0BFE1B4597B6}.Debug|x64.Build.0 = Debug|Any CPU
		{29950A2C-7DF7-494B-9A04-0BFE1B4597B6}.Debug|x86.ActiveCfg = Debug|Any CPU
		{29950A2C-7DF7-494B-9A04-0BFE1B4597B6}.Debug|x86.Build.0 = Debug|Any CPU
		{29950A2C-7DF7-494B-9A04-0BFE1B4597B6}.Release|Any CPU.ActiveCfg = Release|Any CPU
		{29950A2C-7DF7-494B-9A04-0BFE1B4597B6}.Release|Any CPU.Build.0 = Release|Any CPU
		{29950A2C-7DF7-494B-9A04-0BFE1B4597B6}.Release|x64.ActiveCfg = Release|Any CPU
		{29950A2C-7DF7-494B-9A04-0BFE1B4597B6}.Release|x64.Build.0 = Release|Any CPU
		{29950A2C-7DF7-494B-9A04-0BFE1B4597B6}.Release|x86.ActiveCfg = Release|Any CPU
		{29950A2C-7DF7-494B-9A04-0BFE1B4597B6}.Release|x86.Build.0 = Release|Any CPU
		{CF0A064E-80CF-47F4-9CF7-DF04CB08781A}.Debug|Any CPU.ActiveCfg = Debug|Any CPU
		{CF0A064E-80CF-47F4-9CF7-DF04CB08781A}.Debug|Any CPU.Build.0 = Debug|Any CPU
		{CF0A064E-80CF-47F4-9CF7-DF04CB08781A}.Debug|x64.ActiveCfg = Debug|Any CPU
		{CF0A064E-80CF-47F4-9CF7-DF04CB08781A}.Debug|x64.Build.0 = Debug|Any CPU
		{CF0A064E-80CF-47F4-9CF7-DF04CB08781A}.Debug|x86.ActiveCfg = Debug|Any CPU
		{CF0A064E-80CF-47F4-9CF7-DF04CB08781A}.Debug|x86.Build.0 = Debug|Any CPU
		{CF0A064E-80CF-47F4-9CF7-DF04CB08781A}.Release|Any CPU.ActiveCfg = Release|Any CPU
		{CF0A064E-80CF-47F4-9CF7-DF04CB08781A}.Release|Any CPU.Build.0 = Release|Any CPU
		{CF0A064E-80CF-47F4-9CF7-DF04CB08781A}.Release|x64.ActiveCfg = Release|Any CPU
		{CF0A064E-80CF-47F4-9CF7-DF04CB08781A}.Release|x64.Build.0 = Release|Any CPU
		{CF0A064E-80CF-47F4-9CF7-DF04CB08781A}.Release|x86.ActiveCfg = Release|Any CPU
		{CF0A064E-80CF-47F4-9CF7-DF04CB08781A}.Release|x86.Build.0 = Release|Any CPU
		{9570B753-4998-4553-BAE4-9E629243CC57}.Debug|Any CPU.ActiveCfg = Debug|Any CPU
		{9570B753-4998-4553-BAE4-9E629243CC57}.Debug|Any CPU.Build.0 = Debug|Any CPU
		{9570B753-4998-4553-BAE4-9E629243CC57}.Debug|x64.ActiveCfg = Debug|Any CPU
		{9570B753-4998-4553-BAE4-9E629243CC57}.Debug|x64.Build.0 = Debug|Any CPU
		{9570B753-4998-4553-BAE4-9E629243CC57}.Debug|x86.ActiveCfg = Debug|Any CPU
		{9570B753-4998-4553-BAE4-9E629243CC57}.Debug|x86.Build.0 = Debug|Any CPU
		{9570B753-4998-4553-BAE4-9E629243CC57}.Release|Any CPU.ActiveCfg = Release|Any CPU
		{9570B753-4998-4553-BAE4-9E629243CC57}.Release|Any CPU.Build.0 = Release|Any CPU
		{9570B753-4998-4553-BAE4-9E629243CC57}.Release|x64.ActiveCfg = Release|Any CPU
		{9570B753-4998-4553-BAE4-9E629243CC57}.Release|x64.Build.0 = Release|Any CPU
		{9570B753-4998-4553-BAE4-9E629243CC57}.Release|x86.ActiveCfg = Release|Any CPU
		{9570B753-4998-4553-BAE4-9E629243CC57}.Release|x86.Build.0 = Release|Any CPU
		{B5E49D54-98A6-4E91-8573-2A293A7FE872}.Debug|Any CPU.ActiveCfg = Debug|Any CPU
		{B5E49D54-98A6-4E91-8573-2A293A7FE872}.Debug|Any CPU.Build.0 = Debug|Any CPU
		{B5E49D54-98A6-4E91-8573-2A293A7FE872}.Debug|x64.ActiveCfg = Debug|Any CPU
		{B5E49D54-98A6-4E91-8573-2A293A7FE872}.Debug|x64.Build.0 = Debug|Any CPU
		{B5E49D54-98A6-4E91-8573-2A293A7FE872}.Debug|x86.ActiveCfg = Debug|Any CPU
		{B5E49D54-98A6-4E91-8573-2A293A7FE872}.Debug|x86.Build.0 = Debug|Any CPU
		{B5E49D54-98A6-4E91-8573-2A293A7FE872}.Release|Any CPU.ActiveCfg = Release|Any CPU
		{B5E49D54-98A6-4E91-8573-2A293A7FE872}.Release|Any CPU.Build.0 = Release|Any CPU
		{B5E49D54-98A6-4E91-8573-2A293A7FE872}.Release|x64.ActiveCfg = Release|Any CPU
		{B5E49D54-98A6-4E91-8573-2A293A7FE872}.Release|x64.Build.0 = Release|Any CPU
		{B5E49D54-98A6-4E91-8573-2A293A7FE872}.Release|x86.ActiveCfg = Release|Any CPU
		{B5E49D54-98A6-4E91-8573-2A293A7FE872}.Release|x86.Build.0 = Release|Any CPU
	EndGlobalSection
	GlobalSection(SolutionProperties) = preSolution
		HideSolutionNode = FALSE
	EndGlobalSection
	GlobalSection(NestedProjects) = preSolution
		{45C09EF1-6591-443D-919A-E4083018ED66} = {02EA681E-C7D8-13C7-8484-4AC65E1B71E8}
		{906D11A4-02A9-4BE1-9359-7CEBA6281B4C} = {DD3B3F81-4D98-4DFB-82CC-B10DB04F40B6}
		{8E9CDFA4-E631-4E73-BF70-CD8E13AED8C4} = {DD3B3F81-4D98-4DFB-82CC-B10DB04F40B6}
		{7AB69249-6264-4F7C-8586-0878F25B8176} = {E331FC2A-6293-45BF-9FA9-921066AC0EFF}
		{8658FD4B-AA3F-4D2E-B7AD-6F887E3513F7} = {E331FC2A-6293-45BF-9FA9-921066AC0EFF}
		{E331FC2A-6293-45BF-9FA9-921066AC0EFF} = {6476AC3E-C33B-444E-B38F-B153168CF30F}
		{D589A4D2-8673-4E84-B612-536C5C335742} = {02EA681E-C7D8-13C7-8484-4AC65E1B71E8}
		{74C1446C-8B07-404D-908A-F580A1D64714} = {02EA681E-C7D8-13C7-8484-4AC65E1B71E8}
		{29950A2C-7DF7-494B-9A04-0BFE1B4597B6} = {02EA681E-C7D8-13C7-8484-4AC65E1B71E8}
		{00E81A6A-3570-4B9D-813F-3D86C42367BE} = {6476AC3E-C33B-444E-B38F-B153168CF30F}
		{CF0A064E-80CF-47F4-9CF7-DF04CB08781A} = {DD3B3F81-4D98-4DFB-82CC-B10DB04F40B6}
		{9570B753-4998-4553-BAE4-9E629243CC57} = {02EA681E-C7D8-13C7-8484-4AC65E1B71E8}
		{B5E49D54-98A6-4E91-8573-2A293A7FE872} = {DD3B3F81-4D98-4DFB-82CC-B10DB04F40B6}
	EndGlobalSection
	GlobalSection(ExtensibilityGlobals) = postSolution
		SolutionGuid = {1F400C2D-0A9A-477E-B821-DD8B62BB5754}
	EndGlobalSection
EndGlobal
